// !$*UTF8*$!
{
	archiveVersion = 1;
	classes = {
	};
	objectVersion = 46;
	objects = {

/* Begin PBXBuildFile section */
		C3FF5E0D1BDF0F6100E3B131 /* main.m in Sources */ = {isa = PBXBuildFile; fileRef = C3FF5E0C1BDF0F6100E3B131 /* main.m */; };
		C3FF5E101BDF0F6100E3B131 /* AppDelegate.m in Sources */ = {isa = PBXBuildFile; fileRef = C3FF5E0F1BDF0F6100E3B131 /* AppDelegate.m */; };
		C3FF5E131BDF0F6100E3B131 /* ViewController.m in Sources */ = {isa = PBXBuildFile; fileRef = C3FF5E121BDF0F6100E3B131 /* ViewController.m */; };
		C3FF5E161BDF0F6100E3B131 /* Main.storyboard in Resources */ = {isa = PBXBuildFile; fileRef = C3FF5E141BDF0F6100E3B131 /* Main.storyboard */; };
		C3FF5E181BDF0F6100E3B131 /* Images.xcassets in Resources */ = {isa = PBXBuildFile; fileRef = C3FF5E171BDF0F6100E3B131 /* Images.xcassets */; };
		C3FF5E1B1BDF0F6100E3B131 /* LaunchScreen.xib in Resources */ = {isa = PBXBuildFile; fileRef = C3FF5E191BDF0F6100E3B131 /* LaunchScreen.xib */; };
		C3FF5E271BDF0F6100E3B131 /* RefrshTests.m in Sources */ = {isa = PBXBuildFile; fileRef = C3FF5E261BDF0F6100E3B131 /* RefrshTests.m */; };
/* End PBXBuildFile section */

/* Begin PBXContainerItemProxy section */
		C3FF5E211BDF0F6100E3B131 /* PBXContainerItemProxy */ = {
			isa = PBXContainerItemProxy;
			containerPortal = C3FF5DFF1BDF0F6100E3B131 /* Project object */;
			proxyType = 1;
			remoteGlobalIDString = C3FF5E061BDF0F6100E3B131;
			remoteInfo = Refrsh;
		};
/* End PBXContainerItemProxy section */

/* Begin PBXFileReference section */
		C3FF5E071BDF0F6100E3B131 /* Refrsh.app */ = {isa = PBXFileReference; explicitFileType = wrapper.application; includeInIndex = 0; path = Refrsh.app; sourceTree = BUILT_PRODUCTS_DIR; };
		C3FF5E0B1BDF0F6100E3B131 /* Info.plist */ = {isa = PBXFileReference; lastKnownFileType = text.plist.xml; path = Info.plist; sourceTree = "<group>"; };
		C3FF5E0C1BDF0F6100E3B131 /* main.m */ = {isa = PBXFileReference; lastKnownFileType = sourcecode.c.objc; path = main.m; sourceTree = "<group>"; };
		C3FF5E0E1BDF0F6100E3B131 /* AppDelegate.h */ = {isa = PBXFileReference; lastKnownFileType = sourcecode.c.h; path = AppDelegate.h; sourceTree = "<group>"; };
		C3FF5E0F1BDF0F6100E3B131 /* AppDelegate.m */ = {isa = PBXFileReference; lastKnownFileType = sourcecode.c.objc; path = AppDelegate.m; sourceTree = "<group>"; };
		C3FF5E111BDF0F6100E3B131 /* ViewController.h */ = {isa = PBXFileReference; lastKnownFileType = sourcecode.c.h; path = ViewController.h; sourceTree = "<group>"; };
		C3FF5E121BDF0F6100E3B131 /* ViewController.m */ = {isa = PBXFileReference; lastKnownFileType = sourcecode.c.objc; path = ViewController.m; sourceTree = "<group>"; };
		C3FF5E151BDF0F6100E3B131 /* Base */ = {isa = PBXFileReference; lastKnownFileType = file.storyboard; name = Base; path = Base.lproj/Main.storyboard; sourceTree = "<group>"; };
		C3FF5E171BDF0F6100E3B131 /* Images.xcassets */ = {isa = PBXFileReference; lastKnownFileType = folder.assetcatalog; path = Images.xcassets; sourceTree = "<group>"; };
		C3FF5E1A1BDF0F6100E3B131 /* Base */ = {isa = PBXFileReference; lastKnownFileType = file.xib; name = Base; path = Base.lproj/LaunchScreen.xib; sourceTree = "<group>"; };
		C3FF5E201BDF0F6100E3B131 /* RefrshTests.xctest */ = {isa = PBXFileReference; explicitFileType = wrapper.cfbundle; includeInIndex = 0; path = RefrshTests.xctest; sourceTree = BUILT_PRODUCTS_DIR; };
		C3FF5E251BDF0F6100E3B131 /* Info.plist */ = {isa = PBXFileReference; lastKnownFileType = text.plist.xml; path = Info.plist; sourceTree = "<group>"; };
		C3FF5E261BDF0F6100E3B131 /* RefrshTests.m */ = {isa = PBXFileReference; lastKnownFileType = sourcecode.c.objc; path = RefrshTests.m; sourceTree = "<group>"; };
/* End PBXFileReference section */

/* Begin PBXFrameworksBuildPhase section */
		C3FF5E041BDF0F6100E3B131 /* Frameworks */ = {
			isa = PBXFrameworksBuildPhase;
			buildActionMask = 2147483647;
			files = (
			);
			runOnlyForDeploymentPostprocessing = 0;
		};
		C3FF5E1D1BDF0F6100E3B131 /* Frameworks */ = {
			isa = PBXFrameworksBuildPhase;
			buildActionMask = 2147483647;
			files = (
			);
			runOnlyForDeploymentPostprocessing = 0;
		};
/* End PBXFrameworksBuildPhase section */

/* Begin PBXGroup section */
		C3FF5DFE1BDF0F6000E3B131 = {
			isa = PBXGroup;
			children = (
				C3FF5E091BDF0F6100E3B131 /* Refrsh */,
				C3FF5E231BDF0F6100E3B131 /* RefrshTests */,
				C3FF5E081BDF0F6100E3B131 /* Products */,
			);
			sourceTree = "<group>";
		};
		C3FF5E081BDF0F6100E3B131 /* Products */ = {
			isa = PBXGroup;
			children = (
				C3FF5E071BDF0F6100E3B131 /* Refrsh.app */,
				C3FF5E201BDF0F6100E3B131 /* RefrshTests.xctest */,
			);
			name = Products;
			sourceTree = "<group>";
		};
		C3FF5E091BDF0F6100E3B131 /* Refrsh */ = {
			isa = PBXGroup;
			children = (
				C3FF5E0E1BDF0F6100E3B131 /* AppDelegate.h */,
				C3FF5E0F1BDF0F6100E3B131 /* AppDelegate.m */,
				C3FF5E111BDF0F6100E3B131 /* ViewController.h */,
				C3FF5E121BDF0F6100E3B131 /* ViewController.m */,
				C3FF5E141BDF0F6100E3B131 /* Main.storyboard */,
				C3FF5E171BDF0F6100E3B131 /* Images.xcassets */,
				C3FF5E191BDF0F6100E3B131 /* LaunchScreen.xib */,
				C3FF5E0A1BDF0F6100E3B131 /* Supporting Files */,
			);
			path = Refrsh;
			sourceTree = "<group>";
		};
		C3FF5E0A1BDF0F6100E3B131 /* Supporting Files */ = {
			isa = PBXGroup;
			children = (
				C3FF5E0B1BDF0F6100E3B131 /* Info.plist */,
				C3FF5E0C1BDF0F6100E3B131 /* main.m */,
			);
			name = "Supporting Files";
			sourceTree = "<group>";
		};
		C3FF5E231BDF0F6100E3B131 /* RefrshTests */ = {
			isa = PBXGroup;
			children = (
				C3FF5E261BDF0F6100E3B131 /* RefrshTests.m */,
				C3FF5E241BDF0F6100E3B131 /* Supporting Files */,
			);
			path = RefrshTests;
			sourceTree = "<group>";
		};
		C3FF5E241BDF0F6100E3B131 /* Supporting Files */ = {
			isa = PBXGroup;
			children = (
				C3FF5E251BDF0F6100E3B131 /* Info.plist */,
			);
			name = "Supporting Files";
			sourceTree = "<group>";
		};
/* End PBXGroup section */

/* Begin PBXNativeTarget section */
		C3FF5E061BDF0F6100E3B131 /* Refrsh */ = {
			isa = PBXNativeTarget;
			buildConfigurationList = C3FF5E2A1BDF0F6100E3B131 /* Build configuration list for PBXNativeTarget "Refrsh" */;
			buildPhases = (
				C3FF5E031BDF0F6100E3B131 /* Sources */,
				C3FF5E041BDF0F6100E3B131 /* Frameworks */,
				C3FF5E051BDF0F6100E3B131 /* Resources */,
			);
			buildRules = (
			);
			dependencies = (
			);
			name = Refrsh;
			productName = Refrsh;
			productReference = C3FF5E071BDF0F6100E3B131 /* Refrsh.app */;
			productType = "com.apple.product-type.application";
		};
		C3FF5E1F1BDF0F6100E3B131 /* RefrshTests */ = {
			isa = PBXNativeTarget;
			buildConfigurationList = C3FF5E2D1BDF0F6100E3B131 /* Build configuration list for PBXNativeTarget "RefrshTests" */;
			buildPhases = (
				C3FF5E1C1BDF0F6100E3B131 /* Sources */,
				C3FF5E1D1BDF0F6100E3B131 /* Frameworks */,
				C3FF5E1E1BDF0F6100E3B131 /* Resources */,
			);
			buildRules = (
			);
			dependencies = (
				C3FF5E221BDF0F6100E3B131 /* PBXTargetDependency */,
			);
			name = RefrshTests;
			productName = RefrshTests;
			productReference = C3FF5E201BDF0F6100E3B131 /* RefrshTests.xctest */;
			productType = "com.apple.product-type.bundle.unit-test";
		};
/* End PBXNativeTarget section */

/* Begin PBXProject section */
		C3FF5DFF1BDF0F6100E3B131 /* Project object */ = {
			isa = PBXProject;
			attributes = {
				LastUpgradeCheck = 0640;
				ORGANIZATIONNAME = HGDQ;
				TargetAttributes = {
					C3FF5E061BDF0F6100E3B131 = {
						CreatedOnToolsVersion = 6.4;
					};
					C3FF5E1F1BDF0F6100E3B131 = {
						CreatedOnToolsVersion = 6.4;
						TestTargetID = C3FF5E061BDF0F6100E3B131;
					};
				};
			};
			buildConfigurationList = C3FF5E021BDF0F6100E3B131 /* Build configuration list for PBXProject "Refrsh" */;
			compatibilityVersion = "Xcode 3.2";
			developmentRegion = English;
			hasScannedForEncodings = 0;
			knownRegions = (
				en,
				Base,
			);
			mainGroup = C3FF5DFE1BDF0F6000E3B131;
			productRefGroup = C3FF5E081BDF0F6100E3B131 /* Products */;
			projectDirPath = "";
			projectRoot = "";
			targets = (
				C3FF5E061BDF0F6100E3B131 /* Refrsh */,
				C3FF5E1F1BDF0F6100E3B131 /* RefrshTests */,
			);
		};
/* End PBXProject section */

/* Begin PBXResourcesBuildPhase section */
		C3FF5E051BDF0F6100E3B131 /* Resources */ = {
			isa = PBXResourcesBuildPhase;
			buildActionMask = 2147483647;
			files = (
				C3FF5E161BDF0F6100E3B131 /* Main.storyboard in Resources */,
				C3FF5E1B1BDF0F6100E3B131 /* LaunchScreen.xib in Resources */,
				C3FF5E181BDF0F6100E3B131 /* Images.xcassets in Resources */,
			);
			runOnlyForDeploymentPostprocessing = 0;
		};
		C3FF5E1E1BDF0F6100E3B131 /* Resources */ = {
			isa = PBXResourcesBuildPhase;
			buildActionMask = 2147483647;
			files = (
			);
			runOnlyForDeploymentPostprocessing = 0;
		};
/* End PBXResourcesBuildPhase section */

/* Begin PBXSourcesBuildPhase section */
		C3FF5E031BDF0F6100E3B131 /* Sources */ = {
			isa = PBXSourcesBuildPhase;
			buildActionMask = 2147483647;
			files = (
				C3FF5E131BDF0F6100E3B131 /* ViewController.m in Sources */,
				C3FF5E101BDF0F6100E3B131 /* AppDelegate.m in Sources */,
				C3FF5E0D1BDF0F6100E3B131 /* main.m in Sources */,
			);
			runOnlyForDeploymentPostprocessing = 0;
		};
		C3FF5E1C1BDF0F6100E3B131 /* Sources */ = {
			isa = PBXSourcesBuildPhase;
			buildActionMask = 2147483647;
			files = (
				C3FF5E271BDF0F6100E3B131 /* RefrshTests.m in Sources */,
			);
			runOnlyForDeploymentPostprocessing = 0;
		};
/* End PBXSourcesBuildPhase section */

/* Begin PBXTargetDependency section */
		C3FF5E221BDF0F6100E3B131 /* PBXTargetDependency */ = {
			isa = PBXTargetDependency;
			target = C3FF5E061BDF0F6100E3B131 /* Refrsh */;
			targetProxy = C3FF5E211BDF0F6100E3B131 /* PBXContainerItemProxy */;
		};
/* End PBXTargetDependency section */

/* Begin PBXVariantGroup section */
		C3FF5E141BDF0F6100E3B131 /* Main.storyboard */ = {
			isa = PBXVariantGroup;
			children = (
				C3FF5E151BDF0F6100E3B131 /* Base */,
			);
			name = Main.storyboard;
			sourceTree = "<group>";
		};
		C3FF5E191BDF0F6100E3B131 /* LaunchScreen.xib */ = {
			isa = PBXVariantGroup;
			children = (
				C3FF5E1A1BDF0F6100E3B131 /* Base */,
			);
			name = LaunchScreen.xib;
			sourceTree = "<group>";
		};
/* End PBXVariantGroup section */

/* Begin XCBuildConfiguration section */
		C3FF5E281BDF0F6100E3B131 /* Debug */ = {
			isa = XCBuildConfiguration;
			buildSettings = {
				ALWAYS_SEARCH_USER_PATHS = NO;
				CLANG_CXX_LANGUAGE_STANDARD = "gnu++0x";
				CLANG_CXX_LIBRARY = "libc++";
				CLANG_ENABLE_MODULES = YES;
				CLANG_ENABLE_OBJC_ARC = YES;
				CLANG_WARN_BOOL_CONVERSION = YES;
				CLANG_WARN_CONSTANT_CONVERSION = YES;
				CLANG_WARN_DIRECT_OBJC_ISA_USAGE = YES_ERROR;
				CLANG_WARN_EMPTY_BODY = YES;
				CLANG_WARN_ENUM_CONVERSION = YES;
				CLANG_WARN_INT_CONVERSION = YES;
				CLANG_WARN_OBJC_ROOT_CLASS = YES_ERROR;
				CLANG_WARN_UNREACHABLE_CODE = YES;
				CLANG_WARN__DUPLICATE_METHOD_MATCH = YES;
				"CODE_SIGN_IDENTITY[sdk=iphoneos*]" = "iPhone Developer";
				COPY_PHASE_STRIP = NO;
				DEBUG_INFORMATION_FORMAT = "dwarf-with-dsym";
				ENABLE_STRICT_OBJC_MSGSEND = YES;
				GCC_C_LANGUAGE_STANDARD = gnu99;
				GCC_DYNAMIC_NO_PIC = NO;
				GCC_NO_COMMON_BLOCKS = YES;
				GCC_OPTIMIZATION_LEVEL = 0;
				GCC_PREPROCESSOR_DEFINITIONS = (
					"DEBUG=1",
					"$(inherited)",
				);
				GCC_SYMBOLS_PRIVATE_EXTERN = NO;
				GCC_WARN_64_TO_32_BIT_CONVERSION = YES;
				GCC_WARN_ABOUT_RETURN_TYPE = YES_ERROR;
				GCC_WARN_UNDECLARED_SELECTOR = YES;
				GCC_WARN_UNINITIALIZED_AUTOS = YES_AGGRESSIVE;
				GCC_WARN_UNUSED_FUNCTION = YES;
				GCC_WARN_UNUSED_VARIABLE = YES;
				IPHONEOS_DEPLOYMENT_TARGET = 8.4;
				MTL_ENABLE_DEBUG_INFO = YES;
				ONLY_ACTIVE_ARCH = YES;
				SDKROOT = iphoneos;
			};
			name = Debug;
		};
		C3FF5E291BDF0F6100E3B131 /* Release */ = {
			isa = XCBuildConfiguration;
			buildSettings = {
				ALWAYS_SEARCH_USER_PATHS = NO;
				CLANG_CXX_LANGUAGE_STANDARD = "gnu++0x";
				CLANG_CXX_LIBRARY = "libc++";
				CLANG_ENABLE_MODULES = YES;
				CLANG_ENABLE_OBJC_ARC = YES;
				CLANG_WARN_BOOL_CONVERSION = YES;
				CLANG_WARN_CONSTANT_CONVERSION = YES;
				CLANG_WARN_DIRECT_OBJC_ISA_USAGE = YES_ERROR;
				CLANG_WARN_EMPTY_BODY = YES;
				CLANG_WARN_ENUM_CONVERSION = YES;
				CLANG_WARN_INT_CONVERSION = YES;
				CLANG_WARN_OBJC_ROOT_CLASS = YES_ERROR;
				CLANG_WARN_UNREACHABLE_CODE = YES;
				CLANG_WARN__DUPLICATE_METHOD_MATCH = YES;
				"CODE_SIGN_IDENTITY[sdk=iphoneos*]" = "iPhone Developer";
				COPY_PHASE_STRIP = NO;
				DEBUG_INFORMATION_FORMAT = "dwarf-with-dsym";
				ENABLE_NS_ASSERTIONS = NO;
				ENABLE_STRICT_OBJC_MSGSEND = YES;
				GCC_C_LANGUAGE_STANDARD = gnu99;
				GCC_NO_COMMON_BLOCKS = YES;
				GCC_WARN_64_TO_32_BIT_CONVERSION = YES;
				GCC_WARN_ABOUT_RETURN_TYPE = YES_ERROR;
				GCC_WARN_UNDECLARED_SELECTOR = YES;
				GCC_WARN_UNINITIALIZED_AUTOS = YES_AGGRESSIVE;
				GCC_WARN_UNUSED_FUNCTION = YES;
				GCC_WARN_UNUSED_VARIABLE = YES;
				IPHONEOS_DEPLOYMENT_TARGET = 8.4;
				MTL_ENABLE_DEBUG_INFO = NO;
				SDKROOT = iphoneos;
				VALIDATE_PRODUCT = YES;
			};
			name = Release;
		};
		C3FF5E2B1BDF0F6100E3B131 /* Debug */ = {
			isa = XCBuildConfiguration;
			buildSettings = {
				ASSETCATALOG_COMPILER_APPICON_NAME = AppIcon;
				INFOPLIST_FILE = Refrsh/Info.plist;
				LD_RUNPATH_SEARCH_PATHS = "$(inherited) @executable_path/Frameworks";
				PRODUCT_NAME = "$(TARGET_NAME)";
			};
			name = Debug;
		};
		C3FF5E2C1BDF0F6100E3B131 /* Release */ = {
			isa = XCBuildConfiguration;
			buildSettings = {
				ASSETCATALOG_COMPILER_APPICON_NAME = AppIcon;
				INFOPLIST_FILE = Refrsh/Info.plist;
				LD_RUNPATH_SEARCH_PATHS = "$(inherited) @executable_path/Frameworks";
				PRODUCT_NAME = "$(TARGET_NAME)";
			};
			name = Release;
		};
		C3FF5E2E1BDF0F6100E3B131 /* Debug */ = {
			isa = XCBuildConfiguration;
			buildSettings = {
				BUNDLE_LOADER = "$(TEST_HOST)";
				FRAMEWORK_SEARCH_PATHS = (
					"$(SDKROOT)/Developer/Library/Frameworks",
					"$(inherited)",
				);
				GCC_PREPROCESSOR_DEFINITIONS = (
					"DEBUG=1",
					"$(inherited)",
				);
				INFOPLIST_FILE = RefrshTests/Info.plist;
				LD_RUNPATH_SEARCH_PATHS = "$(inherited) @executable_path/Frameworks @loader_path/Frameworks";
				PRODUCT_NAME = "$(TARGET_NAME)";
				TEST_HOST = "$(BUILT_PRODUCTS_DIR)/Refrsh.app/Refrsh";
			};
			name = Debug;
		};
		C3FF5E2F1BDF0F6100E3B131 /* Release */ = {
			isa = XCBuildConfiguration;
			buildSettings = {
				BUNDLE_LOADER = "$(TEST_HOST)";
				FRAMEWORK_SEARCH_PATHS = (
					"$(SDKROOT)/Developer/Library/Frameworks",
					"$(inherited)",
				);
				INFOPLIST_FILE = RefrshTests/Info.plist;
				LD_RUNPATH_SEARCH_PATHS = "$(inherited) @executable_path/Frameworks @loader_path/Frameworks";
				PRODUCT_NAME = "$(TARGET_NAME)";
				TEST_HOST = "$(BUILT_PRODUCTS_DIR)/Refrsh.app/Refrsh";
			};
			name = Release;
		};
/* End XCBuildConfiguration section */

/* Begin XCConfigurationList section */
		C3FF5E021BDF0F6100E3B131 /* Build configuration list for PBXProject "Refrsh" */ = {
			isa = XCConfigurationList;
			buildConfigurations = (
				C3FF5E281BDF0F6100E3B131 /* Debug */,
				C3FF5E291BDF0F6100E3B131 /* Release */,
			);
			defaultConfigurationIsVisible = 0;
			defaultConfigurationName = Release;
		};
		C3FF5E2A1BDF0F6100E3B131 /* Build configuration list for PBXNativeTarget "Refrsh" */ = {
			isa = XCConfigurationList;
			buildConfigurations = (
				C3FF5E2B1BDF0F6100E3B131 /* Debug */,
				C3FF5E2C1BDF0F6100E3B131 /* Release */,
			);
			defaultConfigurationIsVisible = 0;
		};
		C3FF5E2D1BDF0F6100E3B131 /* Build configuration list for PBXNativeTarget "RefrshTests" */ = {
			isa = XCConfigurationList;
			buildConfigurations = (
				C3FF5E2E1BDF0F6100E3B131 /* Debug */,
				C3FF5E2F1BDF0F6100E3B131 /* Release */,
			);
			defaultConfigurationIsVisible = 0;
		};
/* End XCConfigurationList section */
	};
	rootObject = C3FF5DFF1BDF0F6100E3B131 /* Project object */;
}
